{
  "name": "language-fountain",
  "version": "0.0.1",
  "lockfileVersion": 1,
  "requires": true,
  "dependencies": {
    "nan": {
      "version": "2.12.1",
      "resolved": "https://registry.npmjs.org/nan/-/nan-2.12.1.tgz",
      "integrity": "sha512-JY7V6lRkStKcKTvHO5NVSQRv+RV+FIL5pvDoLiAtSL9pKlC5x9PKQcZDsq7m4FO4d57mkhC6Z+QhAh3Jdk5JFw=="
    },
    "tree-sitter-fountain": {
      "version": "1.3.0",
      "resolved": "https://registry.npmjs.org/tree-sitter-fountain/-/tree-sitter-fountain-1.3.0.tgz",
      "integrity": "sha512-y0gkQDueV/KimMacdFUujDqE92UUT3vkzVTPF+VGdKSwrJoh2tEBk7Z8zfSCzAp2ziWumNRFb6r+47fCevqmqA==",
      "requires": {
        "nan": "2.12.1"
      }
    }
  }
}
